
Microsoft Visual Studio Solution File, Format Version 12.00
# Visual Studio Version 16
VisualStudioVersion = 16.0.30711.63
MinimumVisualStudioVersion = 10.0.40219.1
Project("{9A19103F-16F7-4668-BE54-9A1E7A4F7556}") = "SubscriptionAPI", "SubscriptionAPI.csproj", "{74DB8E9E-033A-4769-A8DC-37B077777564}"
EndProject
Global
	GlobalSection(SolutionConfigurationPlatforms) = preSolution
		Debug|Any CPU = Debug|Any CPU
		Release|Any CPU = Release|Any CPU
	EndGlobalSection
	GlobalSection(ProjectConfigurationPlatforms) = postSolution
		{74DB8E9E-033A-4769-A8DC-37B077777564}.Debug|Any CPU.ActiveCfg = Debug|Any CPU
		{74DB8E9E-033A-4769-A8DC-37B077777564}.Debug|Any CPU.Build.0 = Debug|Any CPU
		{74DB8E9E-033A-4769-A8DC-37B077777564}.Release|Any CPU.ActiveCfg = Release|Any CPU
		{74DB8E9E-033A-4769-A8DC-37B077777564}.Release|Any CPU.Build.0 = Release|Any CPU
	EndGlobalSection
	GlobalSection(SolutionProperties) = preSolution
		HideSolutionNode = FALSE
	EndGlobalSection
	GlobalSection(ExtensibilityGlobals) = postSolution
		SolutionGuid = {34DA4E5B-C1FD-485A-9423-8812A7B40567}
	EndGlobalSection
EndGlobal
